
Microsoft Visual Studio Solution File, Format Version 12.00
# Visual Studio Version 17
VisualStudioVersion = 17.9.34728.123
MinimumVisualStudioVersion = 10.0.40219.1
Project("{FAE04EC0-301F-11D3-BF4B-00C04F79EFBC}") = "la-mia-pizzeria-static", "la-mia-pizzeria-static\la-mia-pizzeria-static.csproj", "{7CEDD451-D093-4DD8-9D70-C003B2FA951C}"
EndProject
Global
	GlobalSection(SolutionConfigurationPlatforms) = preSolution
		Debug|Any CPU = Debug|Any CPU
		Release|Any CPU = Release|Any CPU
	EndGlobalSection
	GlobalSection(ProjectConfigurationPlatforms) = postSolution
		{7CEDD451-D093-4DD8-9D70-C003B2FA951C}.Debug|Any CPU.ActiveCfg = Debug|Any CPU
		{7CEDD451-D093-4DD8-9D70-C003B2FA951C}.Debug|Any CPU.Build.0 = Debug|Any CPU
		{7CEDD451-D093-4DD8-9D70-C003B2FA951C}.Release|Any CPU.ActiveCfg = Release|Any CPU
		{7CEDD451-D093-4DD8-9D70-C003B2FA951C}.Release|Any CPU.Build.0 = Release|Any CPU
	EndGlobalSection
	GlobalSection(SolutionProperties) = preSolution
		HideSolutionNode = FALSE
	EndGlobalSection
	GlobalSection(ExtensibilityGlobals) = postSolution
		SolutionGuid = {B7A7D217-1CF9-48D2-B143-FFB761B1D6A1}
	EndGlobalSection
EndGlobal
